
Microsoft Visual Studio Solution File, Format Version 12.00
# Visual Studio Version 16
VisualStudioVersion = 16.0.30413.136
MinimumVisualStudioVersion = 10.0.40219.1
Project("{8BC9CEB8-8B4A-11D0-8D11-00A0C91BC942}") = "AppWeckern", "AppWeckern.vcxproj", "{25DBFC04-71ED-43F4-96F5-74B52760E1DE}"
EndProject
Project("{8BC9CEB8-8B4A-11D0-8D11-00A0C91BC942}") = "AppWeckern_Shared", "AppWeckern_Shared.vcxitems", "{B5F2F047-4CEA-4755-9734-FCF599042D4E}"
EndProject
Project("{8BC9CEB8-8B4A-11D0-8D11-00A0C91BC942}") = "TestFramework", "..\TestFramework\GoogleMock\TestFramework.vcxitems", "{AAC85E24-C2BD-4A83-9DD9-48C57441C065}"
EndProject
Project("{8BC9CEB8-8B4A-11D0-8D11-00A0C91BC942}") = "AppWeckern_UnitTests", "..\AppWeckern_UnitTests\AppWeckern_UnitTests.vcxproj", "{A8A52107-ADEE-4477-8C16-6AA252A07E74}"
EndProject
Project("{8BC9CEB8-8B4A-11D0-8D11-00A0C91BC942}") = "AppWeckern_IntegrationTests", "..\AppWeckern_IntegrationTests\AppWeckern_IntegrationTests.vcxproj", "{20EAF72F-5C87-4242-A222-72E55B830B9C}"
EndProject
Global
	GlobalSection(SharedMSBuildProjectFiles) = preSolution
		AppWeckern_Shared.vcxitems*{25dbfc04-71ed-43f4-96f5-74b52760e1de}*SharedItemsImports = 4
		..\TestFramework\GoogleMock\TestFramework.vcxitems*{aac85e24-c2bd-4a83-9dd9-48c57441c065}*SharedItemsImports = 9
		AppWeckern_Shared.vcxitems*{b5f2f047-4cea-4755-9734-fcf599042d4e}*SharedItemsImports = 9
	EndGlobalSection
	GlobalSection(SolutionConfigurationPlatforms) = preSolution
		Debug|x64 = Debug|x64
		Debug|x86 = Debug|x86
		Lib|x64 = Lib|x64
		Lib|x86 = Lib|x86
		Release|x64 = Release|x64
		Release|x86 = Release|x86
	EndGlobalSection
	GlobalSection(ProjectConfigurationPlatforms) = postSolution
		{25DBFC04-71ED-43F4-96F5-74B52760E1DE}.Debug|x64.ActiveCfg = Debug|Win32
		{25DBFC04-71ED-43F4-96F5-74B52760E1DE}.Debug|x86.ActiveCfg = Release|Win32
		{25DBFC04-71ED-43F4-96F5-74B52760E1DE}.Debug|x86.Build.0 = Release|Win32
		{25DBFC04-71ED-43F4-96F5-74B52760E1DE}.Lib|x64.ActiveCfg = Lib|Win32
		{25DBFC04-71ED-43F4-96F5-74B52760E1DE}.Lib|x86.ActiveCfg = Lib|Win32
		{25DBFC04-71ED-43F4-96F5-74B52760E1DE}.Lib|x86.Build.0 = Lib|Win32
		{25DBFC04-71ED-43F4-96F5-74B52760E1DE}.Release|x64.ActiveCfg = Release|Win32
		{25DBFC04-71ED-43F4-96F5-74B52760E1DE}.Release|x86.ActiveCfg = Release|Win32
		{25DBFC04-71ED-43F4-96F5-74B52760E1DE}.Release|x86.Build.0 = Release|Win32
		{A8A52107-ADEE-4477-8C16-6AA252A07E74}.Debug|x64.ActiveCfg = Debug|x64
		{A8A52107-ADEE-4477-8C16-6AA252A07E74}.Debug|x64.Build.0 = Debug|x64
		{A8A52107-ADEE-4477-8C16-6AA252A07E74}.Debug|x86.ActiveCfg = Debug|Win32
		{A8A52107-ADEE-4477-8C16-6AA252A07E74}.Lib|x64.ActiveCfg = Lib|x64
		{A8A52107-ADEE-4477-8C16-6AA252A07E74}.Lib|x64.Build.0 = Lib|x64
		{A8A52107-ADEE-4477-8C16-6AA252A07E74}.Lib|x86.ActiveCfg = Lib|Win32
		{A8A52107-ADEE-4477-8C16-6AA252A07E74}.Lib|x86.Build.0 = Lib|Win32
		{A8A52107-ADEE-4477-8C16-6AA252A07E74}.Release|x64.ActiveCfg = Release|x64
		{A8A52107-ADEE-4477-8C16-6AA252A07E74}.Release|x64.Build.0 = Release|x64
		{A8A52107-ADEE-4477-8C16-6AA252A07E74}.Release|x86.ActiveCfg = Release|Win32
		{20EAF72F-5C87-4242-A222-72E55B830B9C}.Debug|x64.ActiveCfg = Debug|x64
		{20EAF72F-5C87-4242-A222-72E55B830B9C}.Debug|x64.Build.0 = Debug|x64
		{20EAF72F-5C87-4242-A222-72E55B830B9C}.Debug|x86.ActiveCfg = Debug|Win32
		{20EAF72F-5C87-4242-A222-72E55B830B9C}.Debug|x86.Build.0 = Debug|Win32
		{20EAF72F-5C87-4242-A222-72E55B830B9C}.Lib|x64.ActiveCfg = Debug|x64
		{20EAF72F-5C87-4242-A222-72E55B830B9C}.Lib|x64.Build.0 = Debug|x64
		{20EAF72F-5C87-4242-A222-72E55B830B9C}.Lib|x86.ActiveCfg = Debug|Win32
		{20EAF72F-5C87-4242-A222-72E55B830B9C}.Lib|x86.Build.0 = Debug|Win32
		{20EAF72F-5C87-4242-A222-72E55B830B9C}.Release|x64.ActiveCfg = Release|x64
		{20EAF72F-5C87-4242-A222-72E55B830B9C}.Release|x64.Build.0 = Release|x64
		{20EAF72F-5C87-4242-A222-72E55B830B9C}.Release|x86.ActiveCfg = Release|Win32
		{20EAF72F-5C87-4242-A222-72E55B830B9C}.Release|x86.Build.0 = Release|Win32
	EndGlobalSection
	GlobalSection(SolutionProperties) = preSolution
		HideSolutionNode = FALSE
	EndGlobalSection
	GlobalSection(ExtensibilityGlobals) = postSolution
		SolutionGuid = {FA7397B5-E16E-415D-84C8-61B07D25957A}
	EndGlobalSection
EndGlobal
