<?xml version="1.0" encoding="utf-8"?>
<Project ToolsVersion="4.0" xmlns="http://schemas.microsoft.com/developer/msbuild/2003">
  <ItemGroup>
    <ClCompile Include="$(MSBuildThisFileDirectory)..\Sources\App.cpp" />
    <ClCompile Include="$(MSBuildThisFileDirectory)TimeHandler.cpp">
      <Filter>Impl</Filter>
    </ClCompile>
    <ClCompile Include="$(MSBuildThisFileDirectory)AlarmClockInteractor.cpp">
      <Filter>Interactor</Filter>
    </ClCompile>
    <ClCompile Include="$(MSBuildThisFileDirectory)TimeOperations.cpp">
      <Filter>Impl</Filter>
    </ClCompile>
    <ClCompile Include="$(MSBuildThisFileDirectory)Converter.cpp" />
  </ItemGroup>
  <ItemGroup>
    <ClInclude Include="$(MSBuildThisFileDirectory)..\Sources\App.h" />
    <ClInclude Include="$(MSBuildThisFileDirectory)TimeRessource.h">
      <Filter>Interfaces</Filter>
    </ClInclude>
    <ClInclude Include="$(MSBuildThisFileDirectory)UI.h">
      <Filter>Interfaces</Filter>
    </ClInclude>
    <ClInclude Include="$(MSBuildThisFileDirectory)TimeHandler.h">
      <Filter>Impl</Filter>
    </ClInclude>
    <ClInclude Include="$(MSBuildThisFileDirectory)AlarmClockInteractor.h">
      <Filter>Interactor</Filter>
    </ClInclude>
    <ClInclude Include="$(MSBuildThisFileDirectory)Interactor.h">
      <Filter>Interfaces</Filter>
    </ClInclude>
    <ClInclude Include="$(MSBuildThisFileDirectory)TimeLogic.h">
      <Filter>Interfaces</Filter>
    </ClInclude>
    <ClInclude Include="$(MSBuildThisFileDirectory)TimeOperations.h">
      <Filter>Impl</Filter>
    </ClInclude>
    <ClInclude Include="$(MSBuildThisFileDirectory)SharedDataTypes.h">
      <Filter>Interfaces</Filter>
    </ClInclude>
    <ClInclude Include="$(MSBuildThisFileDirectory)ConverterLogic.h" />
    <ClInclude Include="$(MSBuildThisFileDirectory)Converter.h" />
  </ItemGroup>
  <ItemGroup>
    <Filter Include="Interfaces">
      <UniqueIdentifier>{0a3ef6ee-3a70-4dae-b428-d5d6f54512a0}</UniqueIdentifier>
    </Filter>
    <Filter Include="Impl">
      <UniqueIdentifier>{6bcfc1ce-38f2-4cb8-bba1-12ef7b5c3d40}</UniqueIdentifier>
    </Filter>
    <Filter Include="Interactor">
      <UniqueIdentifier>{760df77e-5d13-459d-8b60-ab6c40c3a704}</UniqueIdentifier>
    </Filter>
  </ItemGroup>
</Project>