
Microsoft Visual Studio Solution File, Format Version 12.00
# Visual Studio Version 16
VisualStudioVersion = 16.0.30717.126
MinimumVisualStudioVersion = 10.0.40219.1
Project("{8BC9CEB8-8B4A-11D0-8D11-00A0C91BC942}") = "FileHandler", "FileHandler\FileHandler.vcxproj", "{017314C3-4B82-4D1A-B23C-3AB8CD9D5A96}"
EndProject
Project("{8BC9CEB8-8B4A-11D0-8D11-00A0C91BC942}") = "FileHandlerApp", "FileHandlerApp\FileHandlerApp.vcxproj", "{9C7B5790-CC4B-44AE-84CE-6EA8E407B938}"
EndProject
Global
	GlobalSection(SolutionConfigurationPlatforms) = preSolution
		Debug|x64 = Debug|x64
		Debug|x86 = Debug|x86
		Release|x64 = Release|x64
		Release|x86 = Release|x86
	EndGlobalSection
	GlobalSection(ProjectConfigurationPlatforms) = postSolution
		{017314C3-4B82-4D1A-B23C-3AB8CD9D5A96}.Debug|x64.ActiveCfg = Debug|x64
		{017314C3-4B82-4D1A-B23C-3AB8CD9D5A96}.Debug|x64.Build.0 = Debug|x64
		{017314C3-4B82-4D1A-B23C-3AB8CD9D5A96}.Debug|x86.ActiveCfg = Debug|Win32
		{017314C3-4B82-4D1A-B23C-3AB8CD9D5A96}.Debug|x86.Build.0 = Debug|Win32
		{017314C3-4B82-4D1A-B23C-3AB8CD9D5A96}.Release|x64.ActiveCfg = Release|x64
		{017314C3-4B82-4D1A-B23C-3AB8CD9D5A96}.Release|x64.Build.0 = Release|x64
		{017314C3-4B82-4D1A-B23C-3AB8CD9D5A96}.Release|x86.ActiveCfg = Release|Win32
		{017314C3-4B82-4D1A-B23C-3AB8CD9D5A96}.Release|x86.Build.0 = Release|Win32
		{9C7B5790-CC4B-44AE-84CE-6EA8E407B938}.Debug|x64.ActiveCfg = Debug|x64
		{9C7B5790-CC4B-44AE-84CE-6EA8E407B938}.Debug|x64.Build.0 = Debug|x64
		{9C7B5790-CC4B-44AE-84CE-6EA8E407B938}.Debug|x86.ActiveCfg = Debug|Win32
		{9C7B5790-CC4B-44AE-84CE-6EA8E407B938}.Debug|x86.Build.0 = Debug|Win32
		{9C7B5790-CC4B-44AE-84CE-6EA8E407B938}.Release|x64.ActiveCfg = Release|x64
		{9C7B5790-CC4B-44AE-84CE-6EA8E407B938}.Release|x64.Build.0 = Release|x64
		{9C7B5790-CC4B-44AE-84CE-6EA8E407B938}.Release|x86.ActiveCfg = Release|Win32
		{9C7B5790-CC4B-44AE-84CE-6EA8E407B938}.Release|x86.Build.0 = Release|Win32
	EndGlobalSection
	GlobalSection(SolutionProperties) = preSolution
		HideSolutionNode = FALSE
	EndGlobalSection
	GlobalSection(ExtensibilityGlobals) = postSolution
		SolutionGuid = {284B253E-1D54-4810-B2A8-F71307CF1DC3}
	EndGlobalSection
EndGlobal
