<?xml version="1.0" encoding="utf-8"?>
<Project ToolsVersion="4.0" xmlns="http://schemas.microsoft.com/developer/msbuild/2003">
  <ItemGroup>
    <Filter Include="Source Files">
      <UniqueIdentifier>{4FC737F1-C7A5-4376-A066-2A32D752A2FF}</UniqueIdentifier>
      <Extensions>cpp;c;cc;cxx;def;odl;idl;hpj;bat;asm;asmx</Extensions>
    </Filter>
    <Filter Include="Header Files">
      <UniqueIdentifier>{93995380-89BD-4b04-88EB-625FBE52EBFB}</UniqueIdentifier>
      <Extensions>h;hh;hpp;hxx;hm;inl;inc;xsd</Extensions>
    </Filter>
    <Filter Include="Data">
      <UniqueIdentifier>{4ed1d816-a31a-48d4-b017-a6c069b2e3ae}</UniqueIdentifier>
    </Filter>
    <Filter Include="Implementation">
      <UniqueIdentifier>{7e385f4d-2c1b-47b0-8c5e-16b7ad23659c}</UniqueIdentifier>
    </Filter>
    <Filter Include="Interfaces">
      <UniqueIdentifier>{ac48dad5-3057-485e-aebd-c45da2538f13}</UniqueIdentifier>
    </Filter>
  </ItemGroup>
  <ItemGroup>
    <ClInclude Include="slfgamebackendqt_global.h">
      <Filter>Header Files</Filter>
    </ClInclude>
    <ClInclude Include="..\SLFGameBackend\DataTypes.h">
      <Filter>Data</Filter>
    </ClInclude>
    <ClInclude Include="..\SLFGameBackend\GameInteractor.h">
      <Filter>Implementation</Filter>
    </ClInclude>
    <ClInclude Include="..\SLFGameBackend\GameStatsOperations.h">
      <Filter>Implementation</Filter>
    </ClInclude>
    <ClInclude Include="..\SLFGameBackend\RandomGenerator.h">
      <Filter>Implementation</Filter>
    </ClInclude>
    <ClInclude Include="..\SLFGameBackend\DataOperationLogic.h">
      <Filter>Interfaces</Filter>
    </ClInclude>
    <ClInclude Include="..\SLFGameBackend\GameLogic.h">
      <Filter>Interfaces</Filter>
    </ClInclude>
    <ClInclude Include="..\SLFGameBackend\Interactor.h">
      <Filter>Interfaces</Filter>
    </ClInclude>
    <ClInclude Include="..\SLFGameBackend\NetworkSource.h">
      <Filter>Interfaces</Filter>
    </ClInclude>
    <ClInclude Include="..\SLFGameBackend\RandomGenRessource.h">
      <Filter>Interfaces</Filter>
    </ClInclude>
    <ClInclude Include="..\SLFGameBackend\UI.h">
      <Filter>Interfaces</Filter>
    </ClInclude>
    <ClInclude Include="..\SLFGameBackend\SLFParser.h">
      <Filter>Implementation</Filter>
    </ClInclude>
    <ClInclude Include="..\SLFGameBackend\TimerRessource.h">
      <Filter>Interfaces</Filter>
    </ClInclude>
    <ClInclude Include="..\SLFGameBackend\Timer.h">
      <Filter>Implementation</Filter>
    </ClInclude>
    <ClInclude Include="..\SLFGameBackend\Game.h">
      <Filter>Implementation</Filter>
    </ClInclude>
    <ClInclude Include="..\SLFGameBackend\ClientLogic.h">
      <Filter>Interfaces</Filter>
    </ClInclude>
    <ClInclude Include="..\SLFGameBackend\GameStatsSerializer.h">
      <Filter>Interfaces</Filter>
    </ClInclude>
    <ClInclude Include="..\SLFGameBackend\HostLogic.h">
      <Filter>Interfaces</Filter>
    </ClInclude>
    <ClInclude Include="..\SLFGameBackend\NetworkHandlerLogic.h">
      <Filter>Interfaces</Filter>
    </ClInclude>
    <ClInclude Include="..\SLFGameBackend\SerializerSource.h">
      <Filter>Interfaces</Filter>
    </ClInclude>
    <ClInclude Include="..\SLFGameBackend\Client.h">
      <Filter>Implementation</Filter>
    </ClInclude>
    <ClInclude Include="..\SLFGameBackend\Host.h">
      <Filter>Implementation</Filter>
    </ClInclude>
    <ClInclude Include="..\SLFGameBackend\NetworkHandler.h">
      <Filter>Implementation</Filter>
    </ClInclude>
    <ClInclude Include="..\SLFGameBackend\Network.h">
      <Filter>Implementation</Filter>
    </ClInclude>
    <ClInclude Include="Messages.h">
      <Filter>Data</Filter>
    </ClInclude>
  </ItemGroup>
  <ItemGroup>
    <ClCompile Include="..\SLFGameBackend\GameInteractor.cpp">
      <Filter>Implementation</Filter>
    </ClCompile>
    <ClCompile Include="..\SLFGameBackend\GameStatsOperations.cpp">
      <Filter>Implementation</Filter>
    </ClCompile>
    <ClCompile Include="..\SLFGameBackend\RandomGenerator.cpp">
      <Filter>Implementation</Filter>
    </ClCompile>
    <ClCompile Include="..\SLFGameBackend\SLFParser.cpp">
      <Filter>Implementation</Filter>
    </ClCompile>
    <ClCompile Include="..\SLFGameBackend\Timer.cpp">
      <Filter>Implementation</Filter>
    </ClCompile>
    <ClCompile Include="..\SLFGameBackend\Game.cpp">
      <Filter>Implementation</Filter>
    </ClCompile>
    <ClCompile Include="..\SLFGameBackend\Client.cpp">
      <Filter>Implementation</Filter>
    </ClCompile>
    <ClCompile Include="..\SLFGameBackend\Host.cpp">
      <Filter>Implementation</Filter>
    </ClCompile>
    <ClCompile Include="..\SLFGameBackend\NetworkHandler.cpp">
      <Filter>Implementation</Filter>
    </ClCompile>
    <ClCompile Include="..\SLFGameBackend\Network.cpp">
      <Filter>Implementation</Filter>
    </ClCompile>
  </ItemGroup>
  <ItemGroup>
    <CopyFileToFolders Include="..\ressources\categories.txt">
      <Filter>Source Files</Filter>
    </CopyFileToFolders>
  </ItemGroup>
</Project>