<?xml version="1.0" encoding="utf-8"?>
<Project ToolsVersion="4.0" xmlns="http://schemas.microsoft.com/developer/msbuild/2003">
  <ItemGroup>
    <Filter Include="FileHandler">
      <UniqueIdentifier>{cca37890-b1c0-472e-8041-f013c5180b99}</UniqueIdentifier>
    </Filter>
  </ItemGroup>
  <ItemGroup>
    <ClCompile Include="FileHandler.cpp">
      <Filter>FileHandler</Filter>
    </ClCompile>
  </ItemGroup>
  <ItemGroup>
    <ClInclude Include="FileHandler.h">
      <Filter>FileHandler</Filter>
    </ClInclude>
  </ItemGroup>
</Project>